<?xml version="1.0" encoding="utf-8"?>
<Project ToolsVersion="4.0" xmlns="http://schemas.microsoft.com/developer/msbuild/2003">
  <ItemGroup>
    <Filter Include="Header Files">
      <UniqueIdentifier>{e9fb0ecf-f310-4352-a1d7-22b21f0b96b9}</UniqueIdentifier>
    </Filter>
    <Filter Include="Source Files">
      <UniqueIdentifier>{4c57ca0c-f350-43a4-978d-b0efcc1fb833}</UniqueIdentifier>
    </Filter>
  </ItemGroup>
  <ItemGroup>
    <ClCompile Include="..\..\sdf\tools\sdf3print\sdf3print.cc">
      <Filter>Source Files</Filter>
    </ClCompile>
  </ItemGroup>
  <ItemGroup>
    <ClInclude Include="..\..\sdf\tools\sdf3print\sdf3print.h">
      <Filter>Header Files</Filter>
    </ClInclude>
  </ItemGroup>
</Project>