<?xml version="1.0" encoding="utf-8"?>
<Project ToolsVersion="4.0" xmlns="http://schemas.microsoft.com/developer/msbuild/2003">
  <ItemGroup>
    <Filter Include="Header Files">
      <UniqueIdentifier>{dc0fb32c-6e8c-4ca1-b74b-940c6a0e69f1}</UniqueIdentifier>
    </Filter>
    <Filter Include="Source Files">
      <UniqueIdentifier>{a1fe6d28-78e9-407f-8f33-80e17d2ac2ac}</UniqueIdentifier>
    </Filter>
  </ItemGroup>
  <ItemGroup>
    <ClCompile Include="..\..\sdf\tools\sdf3gast\sdf3gast.cc">
      <Filter>Source Files</Filter>
    </ClCompile>
  </ItemGroup>
  <ItemGroup>
    <ClInclude Include="..\..\sdf\tools\sdf3gast\sdf3gast.h">
      <Filter>Header Files</Filter>
    </ClInclude>
  </ItemGroup>
</Project>