<?xml version="1.0" encoding="utf-8"?>
<Project ToolsVersion="4.0" xmlns="http://schemas.microsoft.com/developer/msbuild/2003">
  <ItemGroup>
    <Filter Include="Header Files">
      <UniqueIdentifier>{0735cb81-e40a-4dcf-92b9-691cb6147042}</UniqueIdentifier>
    </Filter>
    <Filter Include="Source Files">
      <UniqueIdentifier>{4dd822f2-6be3-4386-bd8f-398eaf6494ba}</UniqueIdentifier>
    </Filter>
  </ItemGroup>
  <ItemGroup>
    <ClCompile Include="..\..\sdf\tools\sdf3arch\sdf3arch.cc">
      <Filter>Source Files</Filter>
    </ClCompile>
  </ItemGroup>
  <ItemGroup>
    <ClInclude Include="..\..\sdf\tools\sdf3arch\sdf3arch.h">
      <Filter>Header Files</Filter>
    </ClInclude>
  </ItemGroup>
</Project>