
Microsoft Visual Studio Solution File, Format Version 11.00
# Visual C++ Express 2010
Project("{8BC9CEB8-8B4A-11D0-8D11-00A0C91BC942}") = "base", "base\base.vcxproj", "{EF278344-C4BE-4654-9FE7-FBFF301FC4BD}"
	ProjectSection(WebsiteProperties) = preProject
		Debug.AspNetCompiler.Debug = "True"
		Release.AspNetCompiler.Debug = "False"
	EndProjectSection
EndProject
Project("{8BC9CEB8-8B4A-11D0-8D11-00A0C91BC942}") = "SDFBase", "SDF\SDFBase.vcxproj", "{B7994687-A5CD-4B74-993B-EBFFFF61C696}"
EndProject
Project("{8BC9CEB8-8B4A-11D0-8D11-00A0C91BC942}") = "SDFAnalysis", "SDF\SDFAnalysis.vcxproj", "{9FB83D5E-0E59-48C0-AC7A-69232990536C}"
EndProject
Project("{8BC9CEB8-8B4A-11D0-8D11-00A0C91BC942}") = "SDFTransform", "SDF\SDFTransform.vcxproj", "{E1263F91-BC01-4423-8413-037239D66AF1}"
EndProject
Project("{8BC9CEB8-8B4A-11D0-8D11-00A0C91BC942}") = "SDFGenerate", "SDF\SDFGenerate.vcxproj", "{FA6AB6B8-8673-40F8-9C4A-1E44627A9659}"
EndProject
Project("{8BC9CEB8-8B4A-11D0-8D11-00A0C91BC942}") = "SDFOutput", "SDF\SDFOutput.vcxproj", "{5D88A8EA-D9FD-4B9D-B32D-BD0080927AD9}"
EndProject
Project("{8BC9CEB8-8B4A-11D0-8D11-00A0C91BC942}") = "SDFResourceAllocation", "SDF\SDFResourceAllocation.vcxproj", "{2C69C980-5D44-4507-B762-6C30E1AAB909}"
EndProject
Project("{8BC9CEB8-8B4A-11D0-8D11-00A0C91BC942}") = "SDF3_Analysis", "SDF\SDF3_Analysis.vcxproj", "{0EA9D8A5-B8E0-4170-B766-12EE3A9151B3}"
EndProject
Project("{8BC9CEB8-8B4A-11D0-8D11-00A0C91BC942}") = "SDF3_Arch", "SDF\SDF3_Arch.vcxproj", "{3E5070F2-A176-4057-8D05-EC71F3AAFC62}"
EndProject
Project("{8BC9CEB8-8B4A-11D0-8D11-00A0C91BC942}") = "SDF3_Cost", "SDF\SDF3_Cost.vcxproj", "{75FDA914-0B6B-451B-960A-AAD2CCC70BBB}"
EndProject
Project("{8BC9CEB8-8B4A-11D0-8D11-00A0C91BC942}") = "SDF3_CTG", "SDF\SDF3_CTG.vcxproj", "{41005333-07D7-4645-A450-96D0A2DB3539}"
EndProject
Project("{8BC9CEB8-8B4A-11D0-8D11-00A0C91BC942}") = "SDF3_Flow", "SDF\SDF3_Flow.vcxproj", "{4F8A596E-C21A-43C5-8514-1C322516CE5B}"
EndProject
Project("{8BC9CEB8-8B4A-11D0-8D11-00A0C91BC942}") = "SDF3_Gast", "SDF\SDF3_Gast.vcxproj", "{F8548088-5F28-41FF-AE17-F3EA2C4E0456}"
EndProject
Project("{8BC9CEB8-8B4A-11D0-8D11-00A0C91BC942}") = "SDF3_Generate", "SDF\SDF3_Generate.vcxproj", "{B6544B48-D68A-4187-808A-6C7E4C12A691}"
EndProject
Project("{8BC9CEB8-8B4A-11D0-8D11-00A0C91BC942}") = "SDF3_Print", "SDF\SDF3_Print.vcxproj", "{81393170-8219-4AA3-8CA1-1251FFAFFC20}"
EndProject
Project("{8BC9CEB8-8B4A-11D0-8D11-00A0C91BC942}") = "SDF3_Transform", "SDF\SDF3_Transform.vcxproj", "{4C7E9B49-5B0C-4C26-9CB7-BF212C260AFB}"
EndProject
Project("{8BC9CEB8-8B4A-11D0-8D11-00A0C91BC942}") = "CSDFBase", "CSDF\CSDFBase.vcxproj", "{56900A93-C311-4270-A11F-ACC5F1A61CCA}"
EndProject
Project("{8BC9CEB8-8B4A-11D0-8D11-00A0C91BC942}") = "CSDFAnalysis", "CSDF\CSDFAnalysis.vcxproj", "{C7BEAC39-BF38-4855-8DC5-22D5EBFFD1C5}"
EndProject
Project("{8BC9CEB8-8B4A-11D0-8D11-00A0C91BC942}") = "CSDFGenerate", "CSDF\CSDFGenerate.vcxproj", "{445CB61B-3C6C-4BB1-99F5-1B3D4185DAD2}"
EndProject
Project("{8BC9CEB8-8B4A-11D0-8D11-00A0C91BC942}") = "CSDFOutput", "CSDF\CSDFOutput.vcxproj", "{45FA42EE-2DB0-409C-8F84-03C9248F6B58}"
EndProject
Project("{8BC9CEB8-8B4A-11D0-8D11-00A0C91BC942}") = "CSDFTransform", "CSDF\CSDFTransform.vcxproj", "{25C0F499-CA5B-411E-AABF-C593DDD6B28F}"
EndProject
Project("{8BC9CEB8-8B4A-11D0-8D11-00A0C91BC942}") = "SDF3_Analysis_CSDF", "CSDF\SDF3_Analysis_CSDF.vcxproj", "{4D427FD8-927E-4CB8-B2F3-3FC30BE1082F}"
EndProject
Project("{8BC9CEB8-8B4A-11D0-8D11-00A0C91BC942}") = "SDF3_Generate_CSDF", "CSDF\SDF3_Generate_CSDF.vcxproj", "{7739753B-8ED7-4608-8DEA-56B68A3E0C2D}"
EndProject
Project("{8BC9CEB8-8B4A-11D0-8D11-00A0C91BC942}") = "SDF3_Print_CSDF", "CSDF\SDF3_Print_CSDF.vcxproj", "{256C0C45-9BFC-4800-81A5-5A11BC579EFC}"
EndProject
Project("{8BC9CEB8-8B4A-11D0-8D11-00A0C91BC942}") = "SADFBase", "SADF\SADFBase.vcxproj", "{4B0DBEA1-C675-4165-A12B-93C8333A147A}"
EndProject
Project("{8BC9CEB8-8B4A-11D0-8D11-00A0C91BC942}") = "SADFAnalysis", "SADF\SADFAnalysis.vcxproj", "{A358048B-2AD4-46EC-9B9F-F7FC4DBED190}"
EndProject
Project("{8BC9CEB8-8B4A-11D0-8D11-00A0C91BC942}") = "SADFPrint", "SADF\SADFPrint.vcxproj", "{FBC61620-5B81-4028-A0DC-53B29BA7649E}"
EndProject
Project("{8BC9CEB8-8B4A-11D0-8D11-00A0C91BC942}") = "SADFSimulation", "SADF\SADFSimulation.vcxproj", "{440F8EF3-040D-450B-BC17-7A91BC5F9BB9}"
EndProject
Project("{8BC9CEB8-8B4A-11D0-8D11-00A0C91BC942}") = "SADFTransformation", "SADF\SADFTransformation.vcxproj", "{E1487410-7BA5-4187-B263-856DFA261EF0}"
EndProject
Project("{8BC9CEB8-8B4A-11D0-8D11-00A0C91BC942}") = "SADFVerification", "SADF\SADFVerification.vcxproj", "{E1C330C3-0968-48FA-A869-D5C7B1C438C2}"
EndProject
Project("{8BC9CEB8-8B4A-11D0-8D11-00A0C91BC942}") = "SDF3_Analysis_SADF", "SADF\SDF3_Analysis_SADF.vcxproj", "{4629901C-6F0B-4293-A15F-5362746D63F6}"
EndProject
Project("{8BC9CEB8-8B4A-11D0-8D11-00A0C91BC942}") = "SDF3_Convert_CSDF_SADF", "SADF\SDF3_Convert_CSDF_SADF.vcxproj", "{3AAD9537-2A98-4474-8235-F716B8DF32B0}"
EndProject
Project("{8BC9CEB8-8B4A-11D0-8D11-00A0C91BC942}") = "SDF3_Convert_SADF_CSDF", "SADF\SDF3_Convert_SADF_CSDF.vcxproj", "{7CAFB474-6A43-4CEA-AE4E-0851FD5CE680}"
EndProject
Project("{8BC9CEB8-8B4A-11D0-8D11-00A0C91BC942}") = "SDF3_Convert_SADF_SDF", "SADF\SDF3_Convert_SADF_SDF.vcxproj", "{F40AB633-4A20-41E4-8673-2655867E1B0A}"
EndProject
Project("{8BC9CEB8-8B4A-11D0-8D11-00A0C91BC942}") = "SDF3_Convert_SDF_SADF", "SADF\SDF3_Convert_SDF_SADF.vcxproj", "{EBAFE1A3-AFFB-4079-B808-4931AFEDC7A9}"
EndProject
Project("{8BC9CEB8-8B4A-11D0-8D11-00A0C91BC942}") = "SDF3_Print_SADF", "SADF\SDF3_Print_SADF.vcxproj", "{B790D188-A49F-42DD-BA08-2862B64FF150}"
EndProject
Project("{8BC9CEB8-8B4A-11D0-8D11-00A0C91BC942}") = "SDF3_Transform_SADF", "SADF\SDF3_Transform_SADF.vcxproj", "{89676854-FB66-4920-9DAA-6898114AB171}"
EndProject
Project("{8BC9CEB8-8B4A-11D0-8D11-00A0C91BC942}") = "SDF3_Verify_SADF", "SADF\SDF3_Verify_SADF.vcxproj", "{31FDE5FF-E703-43FC-91DD-537B18368719}"
EndProject
Project("{8BC9CEB8-8B4A-11D0-8D11-00A0C91BC942}") = "FSMSADFAnalysis", "FSMSADF\FSMSADFAnalysis.vcxproj", "{908C1A00-E9F1-4B5F-B780-9447F7FDC151}"
EndProject
Project("{8BC9CEB8-8B4A-11D0-8D11-00A0C91BC942}") = "FSMSADFBase", "FSMSADF\FSMSADFBase.vcxproj", "{AF7FC899-1EAD-4034-AD3F-B2AE6810FC23}"
EndProject
Project("{8BC9CEB8-8B4A-11D0-8D11-00A0C91BC942}") = "FSMSADFGenerate", "FSMSADF\FSMSADFGenerate.vcxproj", "{DC20B8EE-9789-45DF-820B-2208B31440BC}"
EndProject
Project("{8BC9CEB8-8B4A-11D0-8D11-00A0C91BC942}") = "FSMSADFOutput", "FSMSADF\FSMSADFOutput.vcxproj", "{84EFEA42-31AE-4FF3-855A-649901020A35}"
EndProject
Project("{8BC9CEB8-8B4A-11D0-8D11-00A0C91BC942}") = "FSMSADFResourceAllocation", "FSMSADF\FSMSADFResourceAllocation.vcxproj", "{4E030BB5-C976-4F01-B3BF-6319BCB8F671}"
EndProject
Project("{8BC9CEB8-8B4A-11D0-8D11-00A0C91BC942}") = "FSMSADFTransform", "FSMSADF\FSMSADFTransform.vcxproj", "{EFD4E1B8-B235-45AF-AA65-E4CA2468572F}"
EndProject
Project("{8BC9CEB8-8B4A-11D0-8D11-00A0C91BC942}") = "ToolsBase", "base\ToolsBase.vcxproj", "{F11011D4-3BEF-4FB6-8CCE-8ACE4FC8F0E9}"
EndProject
Project("{8BC9CEB8-8B4A-11D0-8D11-00A0C91BC942}") = "SDF3_Analysis_FSMSADF", "FSMSADF\SDF3_Analysis_FSMSADF.vcxproj", "{08EB48C1-2FEE-4793-8D9B-A69D945B6CC5}"
EndProject
Project("{8BC9CEB8-8B4A-11D0-8D11-00A0C91BC942}") = "SDF3_Flow_FSMSADF", "FSMSADF\SDF3_Flow_FSMSADF.vcxproj", "{E729D6FF-A1BF-44BB-A15A-A7946A7D7EAA}"
EndProject
Project("{8BC9CEB8-8B4A-11D0-8D11-00A0C91BC942}") = "SDF3_Generate_FSMSADF", "FSMSADF\SDF3_Generate_FSMSADF.vcxproj", "{AFB86F30-DFED-44DC-9AA0-756C0DE79221}"
	ProjectSection(ProjectDependencies) = postProject
		{9FB83D5E-0E59-48C0-AC7A-69232990536C} = {9FB83D5E-0E59-48C0-AC7A-69232990536C}
	EndProjectSection
EndProject
Project("{8BC9CEB8-8B4A-11D0-8D11-00A0C91BC942}") = "SDF3_Transform_FSMSADF", "FSMSADF\SDF3_Transform_FSMSADF.vcxproj", "{4FDA123A-88AB-4F2D-BA94-05496EBCC759}"
EndProject
Project("{8BC9CEB8-8B4A-11D0-8D11-00A0C91BC942}") = "Testing", "testing\Testing.vcxproj", "{73503BBF-710A-425A-A0BB-EF62F91AB805}"
EndProject
Project("{8BC9CEB8-8B4A-11D0-8D11-00A0C91BC942}") = "SDF3_Tranform_CSDF", "CSDF\SDF3_Tranform_CSDF.vcxproj", "{6D8BDC72-4980-44AF-A32A-7488ED66B340}"
	ProjectSection(ProjectDependencies) = postProject
		{C7BEAC39-BF38-4855-8DC5-22D5EBFFD1C5} = {C7BEAC39-BF38-4855-8DC5-22D5EBFFD1C5}
		{EF278344-C4BE-4654-9FE7-FBFF301FC4BD} = {EF278344-C4BE-4654-9FE7-FBFF301FC4BD}
		{56900A93-C311-4270-A11F-ACC5F1A61CCA} = {56900A93-C311-4270-A11F-ACC5F1A61CCA}
		{25C0F499-CA5B-411E-AABF-C593DDD6B28F} = {25C0F499-CA5B-411E-AABF-C593DDD6B28F}
	EndProjectSection
EndProject
Global
	GlobalSection(SolutionConfigurationPlatforms) = preSolution
		Debug|Win32 = Debug|Win32
		Release|Win32 = Release|Win32
	EndGlobalSection
	GlobalSection(ProjectConfigurationPlatforms) = postSolution
		{EF278344-C4BE-4654-9FE7-FBFF301FC4BD}.Debug|Win32.ActiveCfg = Debug|Win32
		{EF278344-C4BE-4654-9FE7-FBFF301FC4BD}.Debug|Win32.Build.0 = Debug|Win32
		{EF278344-C4BE-4654-9FE7-FBFF301FC4BD}.Release|Win32.ActiveCfg = Release|Win32
		{EF278344-C4BE-4654-9FE7-FBFF301FC4BD}.Release|Win32.Build.0 = Release|Win32
		{B7994687-A5CD-4B74-993B-EBFFFF61C696}.Debug|Win32.ActiveCfg = Debug|Win32
		{B7994687-A5CD-4B74-993B-EBFFFF61C696}.Debug|Win32.Build.0 = Debug|Win32
		{B7994687-A5CD-4B74-993B-EBFFFF61C696}.Release|Win32.ActiveCfg = Release|Win32
		{B7994687-A5CD-4B74-993B-EBFFFF61C696}.Release|Win32.Build.0 = Release|Win32
		{9FB83D5E-0E59-48C0-AC7A-69232990536C}.Debug|Win32.ActiveCfg = Debug|Win32
		{9FB83D5E-0E59-48C0-AC7A-69232990536C}.Debug|Win32.Build.0 = Debug|Win32
		{9FB83D5E-0E59-48C0-AC7A-69232990536C}.Release|Win32.ActiveCfg = Release|Win32
		{9FB83D5E-0E59-48C0-AC7A-69232990536C}.Release|Win32.Build.0 = Release|Win32
		{E1263F91-BC01-4423-8413-037239D66AF1}.Debug|Win32.ActiveCfg = Debug|Win32
		{E1263F91-BC01-4423-8413-037239D66AF1}.Debug|Win32.Build.0 = Debug|Win32
		{E1263F91-BC01-4423-8413-037239D66AF1}.Release|Win32.ActiveCfg = Release|Win32
		{E1263F91-BC01-4423-8413-037239D66AF1}.Release|Win32.Build.0 = Release|Win32
		{FA6AB6B8-8673-40F8-9C4A-1E44627A9659}.Debug|Win32.ActiveCfg = Debug|Win32
		{FA6AB6B8-8673-40F8-9C4A-1E44627A9659}.Debug|Win32.Build.0 = Debug|Win32
		{FA6AB6B8-8673-40F8-9C4A-1E44627A9659}.Release|Win32.ActiveCfg = Release|Win32
		{FA6AB6B8-8673-40F8-9C4A-1E44627A9659}.Release|Win32.Build.0 = Release|Win32
		{5D88A8EA-D9FD-4B9D-B32D-BD0080927AD9}.Debug|Win32.ActiveCfg = Debug|Win32
		{5D88A8EA-D9FD-4B9D-B32D-BD0080927AD9}.Debug|Win32.Build.0 = Debug|Win32
		{5D88A8EA-D9FD-4B9D-B32D-BD0080927AD9}.Release|Win32.ActiveCfg = Release|Win32
		{5D88A8EA-D9FD-4B9D-B32D-BD0080927AD9}.Release|Win32.Build.0 = Release|Win32
		{2C69C980-5D44-4507-B762-6C30E1AAB909}.Debug|Win32.ActiveCfg = Debug|Win32
		{2C69C980-5D44-4507-B762-6C30E1AAB909}.Debug|Win32.Build.0 = Debug|Win32
		{2C69C980-5D44-4507-B762-6C30E1AAB909}.Release|Win32.ActiveCfg = Release|Win32
		{2C69C980-5D44-4507-B762-6C30E1AAB909}.Release|Win32.Build.0 = Release|Win32
		{0EA9D8A5-B8E0-4170-B766-12EE3A9151B3}.Debug|Win32.ActiveCfg = Debug|Win32
		{0EA9D8A5-B8E0-4170-B766-12EE3A9151B3}.Debug|Win32.Build.0 = Debug|Win32
		{0EA9D8A5-B8E0-4170-B766-12EE3A9151B3}.Release|Win32.ActiveCfg = Release|Win32
		{0EA9D8A5-B8E0-4170-B766-12EE3A9151B3}.Release|Win32.Build.0 = Release|Win32
		{3E5070F2-A176-4057-8D05-EC71F3AAFC62}.Debug|Win32.ActiveCfg = Debug|Win32
		{3E5070F2-A176-4057-8D05-EC71F3AAFC62}.Debug|Win32.Build.0 = Debug|Win32
		{3E5070F2-A176-4057-8D05-EC71F3AAFC62}.Release|Win32.ActiveCfg = Release|Win32
		{3E5070F2-A176-4057-8D05-EC71F3AAFC62}.Release|Win32.Build.0 = Release|Win32
		{75FDA914-0B6B-451B-960A-AAD2CCC70BBB}.Debug|Win32.ActiveCfg = Debug|Win32
		{75FDA914-0B6B-451B-960A-AAD2CCC70BBB}.Debug|Win32.Build.0 = Debug|Win32
		{75FDA914-0B6B-451B-960A-AAD2CCC70BBB}.Release|Win32.ActiveCfg = Release|Win32
		{75FDA914-0B6B-451B-960A-AAD2CCC70BBB}.Release|Win32.Build.0 = Release|Win32
		{41005333-07D7-4645-A450-96D0A2DB3539}.Debug|Win32.ActiveCfg = Debug|Win32
		{41005333-07D7-4645-A450-96D0A2DB3539}.Debug|Win32.Build.0 = Debug|Win32
		{41005333-07D7-4645-A450-96D0A2DB3539}.Release|Win32.ActiveCfg = Release|Win32
		{41005333-07D7-4645-A450-96D0A2DB3539}.Release|Win32.Build.0 = Release|Win32
		{4F8A596E-C21A-43C5-8514-1C322516CE5B}.Debug|Win32.ActiveCfg = Debug|Win32
		{4F8A596E-C21A-43C5-8514-1C322516CE5B}.Debug|Win32.Build.0 = Debug|Win32
		{4F8A596E-C21A-43C5-8514-1C322516CE5B}.Release|Win32.ActiveCfg = Release|Win32
		{4F8A596E-C21A-43C5-8514-1C322516CE5B}.Release|Win32.Build.0 = Release|Win32
		{F8548088-5F28-41FF-AE17-F3EA2C4E0456}.Debug|Win32.ActiveCfg = Debug|Win32
		{F8548088-5F28-41FF-AE17-F3EA2C4E0456}.Debug|Win32.Build.0 = Debug|Win32
		{F8548088-5F28-41FF-AE17-F3EA2C4E0456}.Release|Win32.ActiveCfg = Release|Win32
		{F8548088-5F28-41FF-AE17-F3EA2C4E0456}.Release|Win32.Build.0 = Release|Win32
		{B6544B48-D68A-4187-808A-6C7E4C12A691}.Debug|Win32.ActiveCfg = Debug|Win32
		{B6544B48-D68A-4187-808A-6C7E4C12A691}.Debug|Win32.Build.0 = Debug|Win32
		{B6544B48-D68A-4187-808A-6C7E4C12A691}.Release|Win32.ActiveCfg = Release|Win32
		{B6544B48-D68A-4187-808A-6C7E4C12A691}.Release|Win32.Build.0 = Release|Win32
		{81393170-8219-4AA3-8CA1-1251FFAFFC20}.Debug|Win32.ActiveCfg = Debug|Win32
		{81393170-8219-4AA3-8CA1-1251FFAFFC20}.Debug|Win32.Build.0 = Debug|Win32
		{81393170-8219-4AA3-8CA1-1251FFAFFC20}.Release|Win32.ActiveCfg = Release|Win32
		{81393170-8219-4AA3-8CA1-1251FFAFFC20}.Release|Win32.Build.0 = Release|Win32
		{4C7E9B49-5B0C-4C26-9CB7-BF212C260AFB}.Debug|Win32.ActiveCfg = Debug|Win32
		{4C7E9B49-5B0C-4C26-9CB7-BF212C260AFB}.Debug|Win32.Build.0 = Debug|Win32
		{4C7E9B49-5B0C-4C26-9CB7-BF212C260AFB}.Release|Win32.ActiveCfg = Release|Win32
		{4C7E9B49-5B0C-4C26-9CB7-BF212C260AFB}.Release|Win32.Build.0 = Release|Win32
		{56900A93-C311-4270-A11F-ACC5F1A61CCA}.Debug|Win32.ActiveCfg = Debug|Win32
		{56900A93-C311-4270-A11F-ACC5F1A61CCA}.Debug|Win32.Build.0 = Debug|Win32
		{56900A93-C311-4270-A11F-ACC5F1A61CCA}.Release|Win32.ActiveCfg = Release|Win32
		{56900A93-C311-4270-A11F-ACC5F1A61CCA}.Release|Win32.Build.0 = Release|Win32
		{C7BEAC39-BF38-4855-8DC5-22D5EBFFD1C5}.Debug|Win32.ActiveCfg = Debug|Win32
		{C7BEAC39-BF38-4855-8DC5-22D5EBFFD1C5}.Debug|Win32.Build.0 = Debug|Win32
		{C7BEAC39-BF38-4855-8DC5-22D5EBFFD1C5}.Release|Win32.ActiveCfg = Release|Win32
		{C7BEAC39-BF38-4855-8DC5-22D5EBFFD1C5}.Release|Win32.Build.0 = Release|Win32
		{445CB61B-3C6C-4BB1-99F5-1B3D4185DAD2}.Debug|Win32.ActiveCfg = Debug|Win32
		{445CB61B-3C6C-4BB1-99F5-1B3D4185DAD2}.Debug|Win32.Build.0 = Debug|Win32
		{445CB61B-3C6C-4BB1-99F5-1B3D4185DAD2}.Release|Win32.ActiveCfg = Release|Win32
		{445CB61B-3C6C-4BB1-99F5-1B3D4185DAD2}.Release|Win32.Build.0 = Release|Win32
		{45FA42EE-2DB0-409C-8F84-03C9248F6B58}.Debug|Win32.ActiveCfg = Debug|Win32
		{45FA42EE-2DB0-409C-8F84-03C9248F6B58}.Debug|Win32.Build.0 = Debug|Win32
		{45FA42EE-2DB0-409C-8F84-03C9248F6B58}.Release|Win32.ActiveCfg = Release|Win32
		{45FA42EE-2DB0-409C-8F84-03C9248F6B58}.Release|Win32.Build.0 = Release|Win32
		{25C0F499-CA5B-411E-AABF-C593DDD6B28F}.Debug|Win32.ActiveCfg = Debug|Win32
		{25C0F499-CA5B-411E-AABF-C593DDD6B28F}.Debug|Win32.Build.0 = Debug|Win32
		{25C0F499-CA5B-411E-AABF-C593DDD6B28F}.Release|Win32.ActiveCfg = Release|Win32
		{25C0F499-CA5B-411E-AABF-C593DDD6B28F}.Release|Win32.Build.0 = Release|Win32
		{4D427FD8-927E-4CB8-B2F3-3FC30BE1082F}.Debug|Win32.ActiveCfg = Debug|Win32
		{4D427FD8-927E-4CB8-B2F3-3FC30BE1082F}.Debug|Win32.Build.0 = Debug|Win32
		{4D427FD8-927E-4CB8-B2F3-3FC30BE1082F}.Release|Win32.ActiveCfg = Release|Win32
		{4D427FD8-927E-4CB8-B2F3-3FC30BE1082F}.Release|Win32.Build.0 = Release|Win32
		{7739753B-8ED7-4608-8DEA-56B68A3E0C2D}.Debug|Win32.ActiveCfg = Debug|Win32
		{7739753B-8ED7-4608-8DEA-56B68A3E0C2D}.Debug|Win32.Build.0 = Debug|Win32
		{7739753B-8ED7-4608-8DEA-56B68A3E0C2D}.Release|Win32.ActiveCfg = Release|Win32
		{7739753B-8ED7-4608-8DEA-56B68A3E0C2D}.Release|Win32.Build.0 = Release|Win32
		{256C0C45-9BFC-4800-81A5-5A11BC579EFC}.Debug|Win32.ActiveCfg = Debug|Win32
		{256C0C45-9BFC-4800-81A5-5A11BC579EFC}.Debug|Win32.Build.0 = Debug|Win32
		{256C0C45-9BFC-4800-81A5-5A11BC579EFC}.Release|Win32.ActiveCfg = Release|Win32
		{256C0C45-9BFC-4800-81A5-5A11BC579EFC}.Release|Win32.Build.0 = Release|Win32
		{4B0DBEA1-C675-4165-A12B-93C8333A147A}.Debug|Win32.ActiveCfg = Debug|Win32
		{4B0DBEA1-C675-4165-A12B-93C8333A147A}.Debug|Win32.Build.0 = Debug|Win32
		{4B0DBEA1-C675-4165-A12B-93C8333A147A}.Release|Win32.ActiveCfg = Release|Win32
		{4B0DBEA1-C675-4165-A12B-93C8333A147A}.Release|Win32.Build.0 = Release|Win32
		{A358048B-2AD4-46EC-9B9F-F7FC4DBED190}.Debug|Win32.ActiveCfg = Debug|Win32
		{A358048B-2AD4-46EC-9B9F-F7FC4DBED190}.Debug|Win32.Build.0 = Debug|Win32
		{A358048B-2AD4-46EC-9B9F-F7FC4DBED190}.Release|Win32.ActiveCfg = Release|Win32
		{A358048B-2AD4-46EC-9B9F-F7FC4DBED190}.Release|Win32.Build.0 = Release|Win32
		{FBC61620-5B81-4028-A0DC-53B29BA7649E}.Debug|Win32.ActiveCfg = Debug|Win32
		{FBC61620-5B81-4028-A0DC-53B29BA7649E}.Debug|Win32.Build.0 = Debug|Win32
		{FBC61620-5B81-4028-A0DC-53B29BA7649E}.Release|Win32.ActiveCfg = Release|Win32
		{FBC61620-5B81-4028-A0DC-53B29BA7649E}.Release|Win32.Build.0 = Release|Win32
		{440F8EF3-040D-450B-BC17-7A91BC5F9BB9}.Debug|Win32.ActiveCfg = Debug|Win32
		{440F8EF3-040D-450B-BC17-7A91BC5F9BB9}.Debug|Win32.Build.0 = Debug|Win32
		{440F8EF3-040D-450B-BC17-7A91BC5F9BB9}.Release|Win32.ActiveCfg = Release|Win32
		{440F8EF3-040D-450B-BC17-7A91BC5F9BB9}.Release|Win32.Build.0 = Release|Win32
		{E1487410-7BA5-4187-B263-856DFA261EF0}.Debug|Win32.ActiveCfg = Debug|Win32
		{E1487410-7BA5-4187-B263-856DFA261EF0}.Debug|Win32.Build.0 = Debug|Win32
		{E1487410-7BA5-4187-B263-856DFA261EF0}.Release|Win32.ActiveCfg = Release|Win32
		{E1487410-7BA5-4187-B263-856DFA261EF0}.Release|Win32.Build.0 = Release|Win32
		{E1C330C3-0968-48FA-A869-D5C7B1C438C2}.Debug|Win32.ActiveCfg = Debug|Win32
		{E1C330C3-0968-48FA-A869-D5C7B1C438C2}.Debug|Win32.Build.0 = Debug|Win32
		{E1C330C3-0968-48FA-A869-D5C7B1C438C2}.Release|Win32.ActiveCfg = Release|Win32
		{E1C330C3-0968-48FA-A869-D5C7B1C438C2}.Release|Win32.Build.0 = Release|Win32
		{4629901C-6F0B-4293-A15F-5362746D63F6}.Debug|Win32.ActiveCfg = Debug|Win32
		{4629901C-6F0B-4293-A15F-5362746D63F6}.Debug|Win32.Build.0 = Debug|Win32
		{4629901C-6F0B-4293-A15F-5362746D63F6}.Release|Win32.ActiveCfg = Release|Win32
		{4629901C-6F0B-4293-A15F-5362746D63F6}.Release|Win32.Build.0 = Release|Win32
		{3AAD9537-2A98-4474-8235-F716B8DF32B0}.Debug|Win32.ActiveCfg = Debug|Win32
		{3AAD9537-2A98-4474-8235-F716B8DF32B0}.Debug|Win32.Build.0 = Debug|Win32
		{3AAD9537-2A98-4474-8235-F716B8DF32B0}.Release|Win32.ActiveCfg = Release|Win32
		{3AAD9537-2A98-4474-8235-F716B8DF32B0}.Release|Win32.Build.0 = Release|Win32
		{7CAFB474-6A43-4CEA-AE4E-0851FD5CE680}.Debug|Win32.ActiveCfg = Debug|Win32
		{7CAFB474-6A43-4CEA-AE4E-0851FD5CE680}.Debug|Win32.Build.0 = Debug|Win32
		{7CAFB474-6A43-4CEA-AE4E-0851FD5CE680}.Release|Win32.ActiveCfg = Release|Win32
		{7CAFB474-6A43-4CEA-AE4E-0851FD5CE680}.Release|Win32.Build.0 = Release|Win32
		{F40AB633-4A20-41E4-8673-2655867E1B0A}.Debug|Win32.ActiveCfg = Debug|Win32
		{F40AB633-4A20-41E4-8673-2655867E1B0A}.Debug|Win32.Build.0 = Debug|Win32
		{F40AB633-4A20-41E4-8673-2655867E1B0A}.Release|Win32.ActiveCfg = Release|Win32
		{F40AB633-4A20-41E4-8673-2655867E1B0A}.Release|Win32.Build.0 = Release|Win32
		{EBAFE1A3-AFFB-4079-B808-4931AFEDC7A9}.Debug|Win32.ActiveCfg = Debug|Win32
		{EBAFE1A3-AFFB-4079-B808-4931AFEDC7A9}.Debug|Win32.Build.0 = Debug|Win32
		{EBAFE1A3-AFFB-4079-B808-4931AFEDC7A9}.Release|Win32.ActiveCfg = Release|Win32
		{EBAFE1A3-AFFB-4079-B808-4931AFEDC7A9}.Release|Win32.Build.0 = Release|Win32
		{B790D188-A49F-42DD-BA08-2862B64FF150}.Debug|Win32.ActiveCfg = Debug|Win32
		{B790D188-A49F-42DD-BA08-2862B64FF150}.Debug|Win32.Build.0 = Debug|Win32
		{B790D188-A49F-42DD-BA08-2862B64FF150}.Release|Win32.ActiveCfg = Release|Win32
		{B790D188-A49F-42DD-BA08-2862B64FF150}.Release|Win32.Build.0 = Release|Win32
		{89676854-FB66-4920-9DAA-6898114AB171}.Debug|Win32.ActiveCfg = Debug|Win32
		{89676854-FB66-4920-9DAA-6898114AB171}.Debug|Win32.Build.0 = Debug|Win32
		{89676854-FB66-4920-9DAA-6898114AB171}.Release|Win32.ActiveCfg = Release|Win32
		{89676854-FB66-4920-9DAA-6898114AB171}.Release|Win32.Build.0 = Release|Win32
		{31FDE5FF-E703-43FC-91DD-537B18368719}.Debug|Win32.ActiveCfg = Debug|Win32
		{31FDE5FF-E703-43FC-91DD-537B18368719}.Debug|Win32.Build.0 = Debug|Win32
		{31FDE5FF-E703-43FC-91DD-537B18368719}.Release|Win32.ActiveCfg = Release|Win32
		{31FDE5FF-E703-43FC-91DD-537B18368719}.Release|Win32.Build.0 = Release|Win32
		{908C1A00-E9F1-4B5F-B780-9447F7FDC151}.Debug|Win32.ActiveCfg = Debug|Win32
		{908C1A00-E9F1-4B5F-B780-9447F7FDC151}.Debug|Win32.Build.0 = Debug|Win32
		{908C1A00-E9F1-4B5F-B780-9447F7FDC151}.Release|Win32.ActiveCfg = Release|Win32
		{908C1A00-E9F1-4B5F-B780-9447F7FDC151}.Release|Win32.Build.0 = Release|Win32
		{AF7FC899-1EAD-4034-AD3F-B2AE6810FC23}.Debug|Win32.ActiveCfg = Debug|Win32
		{AF7FC899-1EAD-4034-AD3F-B2AE6810FC23}.Debug|Win32.Build.0 = Debug|Win32
		{AF7FC899-1EAD-4034-AD3F-B2AE6810FC23}.Release|Win32.ActiveCfg = Release|Win32
		{AF7FC899-1EAD-4034-AD3F-B2AE6810FC23}.Release|Win32.Build.0 = Release|Win32
		{DC20B8EE-9789-45DF-820B-2208B31440BC}.Debug|Win32.ActiveCfg = Debug|Win32
		{DC20B8EE-9789-45DF-820B-2208B31440BC}.Debug|Win32.Build.0 = Debug|Win32
		{DC20B8EE-9789-45DF-820B-2208B31440BC}.Release|Win32.ActiveCfg = Release|Win32
		{DC20B8EE-9789-45DF-820B-2208B31440BC}.Release|Win32.Build.0 = Release|Win32
		{84EFEA42-31AE-4FF3-855A-649901020A35}.Debug|Win32.ActiveCfg = Debug|Win32
		{84EFEA42-31AE-4FF3-855A-649901020A35}.Debug|Win32.Build.0 = Debug|Win32
		{84EFEA42-31AE-4FF3-855A-649901020A35}.Release|Win32.ActiveCfg = Release|Win32
		{84EFEA42-31AE-4FF3-855A-649901020A35}.Release|Win32.Build.0 = Release|Win32
		{4E030BB5-C976-4F01-B3BF-6319BCB8F671}.Debug|Win32.ActiveCfg = Debug|Win32
		{4E030BB5-C976-4F01-B3BF-6319BCB8F671}.Debug|Win32.Build.0 = Debug|Win32
		{4E030BB5-C976-4F01-B3BF-6319BCB8F671}.Release|Win32.ActiveCfg = Release|Win32
		{4E030BB5-C976-4F01-B3BF-6319BCB8F671}.Release|Win32.Build.0 = Release|Win32
		{EFD4E1B8-B235-45AF-AA65-E4CA2468572F}.Debug|Win32.ActiveCfg = Debug|Win32
		{EFD4E1B8-B235-45AF-AA65-E4CA2468572F}.Debug|Win32.Build.0 = Debug|Win32
		{EFD4E1B8-B235-45AF-AA65-E4CA2468572F}.Release|Win32.ActiveCfg = Release|Win32
		{EFD4E1B8-B235-45AF-AA65-E4CA2468572F}.Release|Win32.Build.0 = Release|Win32
		{F11011D4-3BEF-4FB6-8CCE-8ACE4FC8F0E9}.Debug|Win32.ActiveCfg = Debug|Win32
		{F11011D4-3BEF-4FB6-8CCE-8ACE4FC8F0E9}.Debug|Win32.Build.0 = Debug|Win32
		{F11011D4-3BEF-4FB6-8CCE-8ACE4FC8F0E9}.Release|Win32.ActiveCfg = Release|Win32
		{F11011D4-3BEF-4FB6-8CCE-8ACE4FC8F0E9}.Release|Win32.Build.0 = Release|Win32
		{08EB48C1-2FEE-4793-8D9B-A69D945B6CC5}.Debug|Win32.ActiveCfg = Debug|Win32
		{08EB48C1-2FEE-4793-8D9B-A69D945B6CC5}.Debug|Win32.Build.0 = Debug|Win32
		{08EB48C1-2FEE-4793-8D9B-A69D945B6CC5}.Release|Win32.ActiveCfg = Release|Win32
		{08EB48C1-2FEE-4793-8D9B-A69D945B6CC5}.Release|Win32.Build.0 = Release|Win32
		{E729D6FF-A1BF-44BB-A15A-A7946A7D7EAA}.Debug|Win32.ActiveCfg = Debug|Win32
		{E729D6FF-A1BF-44BB-A15A-A7946A7D7EAA}.Debug|Win32.Build.0 = Debug|Win32
		{E729D6FF-A1BF-44BB-A15A-A7946A7D7EAA}.Release|Win32.ActiveCfg = Release|Win32
		{E729D6FF-A1BF-44BB-A15A-A7946A7D7EAA}.Release|Win32.Build.0 = Release|Win32
		{AFB86F30-DFED-44DC-9AA0-756C0DE79221}.Debug|Win32.ActiveCfg = Debug|Win32
		{AFB86F30-DFED-44DC-9AA0-756C0DE79221}.Debug|Win32.Build.0 = Debug|Win32
		{AFB86F30-DFED-44DC-9AA0-756C0DE79221}.Release|Win32.ActiveCfg = Release|Win32
		{AFB86F30-DFED-44DC-9AA0-756C0DE79221}.Release|Win32.Build.0 = Release|Win32
		{4FDA123A-88AB-4F2D-BA94-05496EBCC759}.Debug|Win32.ActiveCfg = Debug|Win32
		{4FDA123A-88AB-4F2D-BA94-05496EBCC759}.Debug|Win32.Build.0 = Debug|Win32
		{4FDA123A-88AB-4F2D-BA94-05496EBCC759}.Release|Win32.ActiveCfg = Release|Win32
		{4FDA123A-88AB-4F2D-BA94-05496EBCC759}.Release|Win32.Build.0 = Release|Win32
		{73503BBF-710A-425A-A0BB-EF62F91AB805}.Debug|Win32.ActiveCfg = Debug|Win32
		{73503BBF-710A-425A-A0BB-EF62F91AB805}.Debug|Win32.Build.0 = Debug|Win32
		{73503BBF-710A-425A-A0BB-EF62F91AB805}.Release|Win32.ActiveCfg = Release|Win32
		{73503BBF-710A-425A-A0BB-EF62F91AB805}.Release|Win32.Build.0 = Release|Win32
		{6D8BDC72-4980-44AF-A32A-7488ED66B340}.Debug|Win32.ActiveCfg = Debug|Win32
		{6D8BDC72-4980-44AF-A32A-7488ED66B340}.Debug|Win32.Build.0 = Debug|Win32
		{6D8BDC72-4980-44AF-A32A-7488ED66B340}.Release|Win32.ActiveCfg = Release|Win32
		{6D8BDC72-4980-44AF-A32A-7488ED66B340}.Release|Win32.Build.0 = Release|Win32
	EndGlobalSection
	GlobalSection(SolutionProperties) = preSolution
		HideSolutionNode = FALSE
	EndGlobalSection
EndGlobal
